
Microsoft Visual Studio Solution File, Format Version 12.00
# Visual Studio Version 17
VisualStudioVersion = 17.4.33213.308
MinimumVisualStudioVersion = 10.0.40219.1
Project("{9A19103F-16F7-4668-BE54-9A1E7A4F7556}") = "FastTestWasm", "FastTestWasm.csproj", "{F7CE72CF-2017-4D3D-B6F8-48FB901D609C}"
EndProject
Global
	GlobalSection(SolutionConfigurationPlatforms) = preSolution
		Debug|Any CPU = Debug|Any CPU
		Release|Any CPU = Release|Any CPU
	EndGlobalSection
	GlobalSection(ProjectConfigurationPlatforms) = postSolution
		{F7CE72CF-2017-4D3D-B6F8-48FB901D609C}.Debug|Any CPU.ActiveCfg = Debug|Any CPU
		{F7CE72CF-2017-4D3D-B6F8-48FB901D609C}.Debug|Any CPU.Build.0 = Debug|Any CPU
		{F7CE72CF-2017-4D3D-B6F8-48FB901D609C}.Release|Any CPU.ActiveCfg = Release|Any CPU
		{F7CE72CF-2017-4D3D-B6F8-48FB901D609C}.Release|Any CPU.Build.0 = Release|Any CPU
	EndGlobalSection
	GlobalSection(SolutionProperties) = preSolution
		HideSolutionNode = FALSE
	EndGlobalSection
	GlobalSection(ExtensibilityGlobals) = postSolution
		SolutionGuid = {8299CDA1-35AE-4C57-8E57-D056E3957000}
	EndGlobalSection
EndGlobal
